
Microsoft Visual Studio Solution File, Format Version 12.00
# Visual Studio Version 17
VisualStudioVersion = 17.7.34031.279
MinimumVisualStudioVersion = 10.0.40219.1
Project("{FAE04EC0-301F-11D3-BF4B-00C04F79EFBC}") = "WinFormsHomework1", "WinFormsHomework1.csproj", "{CDD2A6E6-2563-4AC1-AEFA-C2D8905D272E}"
EndProject
Project("{FAE04EC0-301F-11D3-BF4B-00C04F79EFBC}") = "Timer", "..\Timer\Timer.csproj", "{ED60C8B9-F41C-436E-899F-53CD6DCDA7AB}"
EndProject
Global
	GlobalSection(SolutionConfigurationPlatforms) = preSolution
		Debug|Any CPU = Debug|Any CPU
		Release|Any CPU = Release|Any CPU
	EndGlobalSection
	GlobalSection(ProjectConfigurationPlatforms) = postSolution
		{CDD2A6E6-2563-4AC1-AEFA-C2D8905D272E}.Debug|Any CPU.ActiveCfg = Debug|Any CPU
		{CDD2A6E6-2563-4AC1-AEFA-C2D8905D272E}.Debug|Any CPU.Build.0 = Debug|Any CPU
		{CDD2A6E6-2563-4AC1-AEFA-C2D8905D272E}.Release|Any CPU.ActiveCfg = Release|Any CPU
		{CDD2A6E6-2563-4AC1-AEFA-C2D8905D272E}.Release|Any CPU.Build.0 = Release|Any CPU
		{ED60C8B9-F41C-436E-899F-53CD6DCDA7AB}.Debug|Any CPU.ActiveCfg = Debug|Any CPU
		{ED60C8B9-F41C-436E-899F-53CD6DCDA7AB}.Debug|Any CPU.Build.0 = Debug|Any CPU
		{ED60C8B9-F41C-436E-899F-53CD6DCDA7AB}.Release|Any CPU.ActiveCfg = Release|Any CPU
		{ED60C8B9-F41C-436E-899F-53CD6DCDA7AB}.Release|Any CPU.Build.0 = Release|Any CPU
	EndGlobalSection
	GlobalSection(SolutionProperties) = preSolution
		HideSolutionNode = FALSE
	EndGlobalSection
	GlobalSection(ExtensibilityGlobals) = postSolution
		SolutionGuid = {35420D9F-9055-4212-A5F0-B53CEE3EB636}
	EndGlobalSection
EndGlobal
